
Microsoft Visual Studio Solution File, Format Version 12.00
# Visual Studio Version 16
VisualStudioVersion = 16.0.30503.244
MinimumVisualStudioVersion = 10.0.40219.1
Project("{FAE04EC0-301F-11D3-BF4B-00C04F79EFBC}") = "XML Movie Manager", "XML Movie Manager\XML Movie Manager.csproj", "{50C08D73-815C-4C48-B523-F19DC725A92B}"
EndProject
Global
	GlobalSection(SolutionConfigurationPlatforms) = preSolution
		Debug|Any CPU = Debug|Any CPU
		Release|Any CPU = Release|Any CPU
	EndGlobalSection
	GlobalSection(ProjectConfigurationPlatforms) = postSolution
		{50C08D73-815C-4C48-B523-F19DC725A92B}.Debug|Any CPU.ActiveCfg = Debug|Any CPU
		{50C08D73-815C-4C48-B523-F19DC725A92B}.Debug|Any CPU.Build.0 = Debug|Any CPU
		{50C08D73-815C-4C48-B523-F19DC725A92B}.Release|Any CPU.ActiveCfg = Release|Any CPU
		{50C08D73-815C-4C48-B523-F19DC725A92B}.Release|Any CPU.Build.0 = Release|Any CPU
	EndGlobalSection
	GlobalSection(SolutionProperties) = preSolution
		HideSolutionNode = FALSE
	EndGlobalSection
	GlobalSection(ExtensibilityGlobals) = postSolution
		SolutionGuid = {7C44BC25-72C4-4181-86B7-3D79A0DD1DD2}
	EndGlobalSection
EndGlobal
